
Microsoft Visual Studio Solution File, Format Version 12.00
# Visual Studio Version 17
VisualStudioVersion = 17.11.35303.130
MinimumVisualStudioVersion = 10.0.40219.1
Project("{FAE04EC0-301F-11D3-BF4B-00C04F79EFBC}") = "WebApiWordToJSON", "WebApiWordToJSON.csproj", "{C66D5637-E456-444A-891F-046953B43AB8}"
EndProject
Global
	GlobalSection(SolutionConfigurationPlatforms) = preSolution
		Debug|Any CPU = Debug|Any CPU
		Release|Any CPU = Release|Any CPU
	EndGlobalSection
	GlobalSection(ProjectConfigurationPlatforms) = postSolution
		{C66D5637-E456-444A-891F-046953B43AB8}.Debug|Any CPU.ActiveCfg = Debug|Any CPU
		{C66D5637-E456-444A-891F-046953B43AB8}.Debug|Any CPU.Build.0 = Debug|Any CPU
		{C66D5637-E456-444A-891F-046953B43AB8}.Release|Any CPU.ActiveCfg = Release|Any CPU
		{C66D5637-E456-444A-891F-046953B43AB8}.Release|Any CPU.Build.0 = Release|Any CPU
	EndGlobalSection
	GlobalSection(SolutionProperties) = preSolution
		HideSolutionNode = FALSE
	EndGlobalSection
	GlobalSection(ExtensibilityGlobals) = postSolution
		SolutionGuid = {EAD89419-67CB-4CB3-AC1E-7F625D647A06}
	EndGlobalSection
EndGlobal
